{
  "nodes": {
    "home-manager": {
      "inputs": {
        "nixpkgs": [
          "nixpkgs"
        ]
      },
      "locked": {
        "lastModified": 1711604890,
        "narHash": "sha256-vbI/gxRTq/gHW1Q8z6D/7JG/qGNl3JTimUDX+MwnC3A=",
        "owner": "nix-community",
        "repo": "home-manager",
        "rev": "3142bdcc470e1e291e1fbe942fd69e06bd00c5df",
        "type": "github"
      },
      "original": {
        "owner": "nix-community",
        "repo": "home-manager",
        "type": "github"
      }
    },
    "hyprlang": {
      "inputs": {
        "nixpkgs": [
          "hyprlock",
          "nixpkgs"
        ],
        "systems": "systems"
      },
      "locked": {
        "lastModified": 1711250455,
        "narHash": "sha256-LSq1ZsTpeD7xsqvlsepDEelWRDtAhqwetp6PusHXJRo=",
        "owner": "hyprwm",
        "repo": "hyprlang",
        "rev": "b3e430f81f3364c5dd1a3cc9995706a4799eb3fa",
        "type": "github"
      },
      "original": {
        "owner": "hyprwm",
        "repo": "hyprlang",
        "type": "github"
      }
    },
    "hyprlock": {
      "inputs": {
        "hyprlang": "hyprlang",
        "nixpkgs": "nixpkgs",
        "systems": "systems_2"
      },
      "locked": {
        "lastModified": 1711622429,
        "narHash": "sha256-JwHbbmAzX1Kfq1XAs06lKbk2TZL7mH/yLczG4BaiuTs=",
        "owner": "hyprwm",
        "repo": "Hyprlock",
        "rev": "7f8c9b6addce5174af78acaf1eb1d726fc4133b5",
        "type": "github"
      },
      "original": {
        "owner": "hyprwm",
        "repo": "Hyprlock",
        "type": "github"
      }
    },
    "nixpkgs": {
      "locked": {
        "lastModified": 1711523803,
        "narHash": "sha256-UKcYiHWHQynzj6CN/vTcix4yd1eCu1uFdsuarupdCQQ=",
        "owner": "NixOS",
        "repo": "nixpkgs",
        "rev": "2726f127c15a4cc9810843b96cad73c7eb39e443",
        "type": "github"
      },
      "original": {
        "owner": "NixOS",
        "ref": "nixos-unstable",
        "repo": "nixpkgs",
        "type": "github"
      }
    },
    "nixpkgs_2": {
      "locked": {
        "lastModified": 1711523803,
        "narHash": "sha256-UKcYiHWHQynzj6CN/vTcix4yd1eCu1uFdsuarupdCQQ=",
        "owner": "NixOS",
        "repo": "nixpkgs",
        "rev": "2726f127c15a4cc9810843b96cad73c7eb39e443",
        "type": "github"
      },
      "original": {
        "id": "nixpkgs",
        "ref": "nixos-unstable",
        "type": "indirect"
      }
    },
    "nur": {
      "locked": {
        "lastModified": 1708846068,
        "narHash": "sha256-DLO8wGGBsveni/D2MABfrMrMM0zzRHA0Mh2508UoKTY=",
        "owner": "nix-community",
        "repo": "NUR",
        "rev": "1a8f13501baaa98a17387c742bf0a13e53ae974c",
        "type": "github"
      },
      "original": {
        "owner": "nix-community",
        "repo": "NUR",
        "type": "github"
      }
    },
    "root": {
      "inputs": {
        "home-manager": "home-manager",
        "hyprlock": "hyprlock",
        "nixpkgs": "nixpkgs_2",
        "nur": "nur"
      }
    },
    "systems": {
      "locked": {
        "lastModified": 1689347949,
        "narHash": "sha256-12tWmuL2zgBgZkdoB6qXZsgJEH9LR3oUgpaQq2RbI80=",
        "owner": "nix-systems",
        "repo": "default-linux",
        "rev": "31732fcf5e8fea42e59c2488ad31a0e651500f68",
        "type": "github"
      },
      "original": {
        "owner": "nix-systems",
        "repo": "default-linux",
        "type": "github"
      }
    },
    "systems_2": {
      "locked": {
        "lastModified": 1689347949,
        "narHash": "sha256-12tWmuL2zgBgZkdoB6qXZsgJEH9LR3oUgpaQq2RbI80=",
        "owner": "nix-systems",
        "repo": "default-linux",
        "rev": "31732fcf5e8fea42e59c2488ad31a0e651500f68",
        "type": "github"
      },
      "original": {
        "owner": "nix-systems",
        "repo": "default-linux",
        "type": "github"
      }
    }
  },
  "root": "root",
  "version": 7
}
